
Microsoft Visual Studio Solution File, Format Version 12.00
# Visual Studio Version 17
VisualStudioVersion = 17.8.34309.116
MinimumVisualStudioVersion = 10.0.40219.1
Project("{9A19103F-16F7-4668-BE54-9A1E7A4F7556}") = "MyFirstConsoleApp", "MyFirstConsoleApp\MyFirstConsoleApp.csproj", "{FD934AB1-4181-4486-B07B-42977A1910BF}"
EndProject
Project("{9A19103F-16F7-4668-BE54-9A1E7A4F7556}") = "ChatUIConsoleApp", "ChatUIConsoleApp\ChatUIConsoleApp.csproj", "{EBB021FE-AF21-4680-8F7A-A594E2DD491B}"
EndProject
Project("{FAE04EC0-301F-11D3-BF4B-00C04F79EFBC}") = "ChatUIConsoleApp2", "ChatUIConsoleApp2\ChatUIConsoleApp2.csproj", "{5EC91747-CF21-4C1B-A60A-DA81D22A7B9D}"
EndProject
Global
	GlobalSection(SolutionConfigurationPlatforms) = preSolution
		Debug|Any CPU = Debug|Any CPU
		Release|Any CPU = Release|Any CPU
	EndGlobalSection
	GlobalSection(ProjectConfigurationPlatforms) = postSolution
		{FD934AB1-4181-4486-B07B-42977A1910BF}.Debug|Any CPU.ActiveCfg = Debug|Any CPU
		{FD934AB1-4181-4486-B07B-42977A1910BF}.Debug|Any CPU.Build.0 = Debug|Any CPU
		{FD934AB1-4181-4486-B07B-42977A1910BF}.Release|Any CPU.ActiveCfg = Release|Any CPU
		{FD934AB1-4181-4486-B07B-42977A1910BF}.Release|Any CPU.Build.0 = Release|Any CPU
		{EBB021FE-AF21-4680-8F7A-A594E2DD491B}.Debug|Any CPU.ActiveCfg = Debug|Any CPU
		{EBB021FE-AF21-4680-8F7A-A594E2DD491B}.Debug|Any CPU.Build.0 = Debug|Any CPU
		{EBB021FE-AF21-4680-8F7A-A594E2DD491B}.Release|Any CPU.ActiveCfg = Release|Any CPU
		{EBB021FE-AF21-4680-8F7A-A594E2DD491B}.Release|Any CPU.Build.0 = Release|Any CPU
		{5EC91747-CF21-4C1B-A60A-DA81D22A7B9D}.Debug|Any CPU.ActiveCfg = Debug|Any CPU
		{5EC91747-CF21-4C1B-A60A-DA81D22A7B9D}.Debug|Any CPU.Build.0 = Debug|Any CPU
		{5EC91747-CF21-4C1B-A60A-DA81D22A7B9D}.Release|Any CPU.ActiveCfg = Release|Any CPU
		{5EC91747-CF21-4C1B-A60A-DA81D22A7B9D}.Release|Any CPU.Build.0 = Release|Any CPU
	EndGlobalSection
	GlobalSection(SolutionProperties) = preSolution
		HideSolutionNode = FALSE
	EndGlobalSection
	GlobalSection(ExtensibilityGlobals) = postSolution
		SolutionGuid = {D255C63C-5EF9-4B7A-BB98-D6F9BC39708A}
	EndGlobalSection
EndGlobal
